
Microsoft Visual Studio Solution File, Format Version 12.00
# Visual Studio Version 17
VisualStudioVersion = 17.6.33815.320
MinimumVisualStudioVersion = 10.0.40219.1
Project("{FAE04EC0-301F-11D3-BF4B-00C04F79EFBC}") = "Sistema de critica", "Sistema de critica\Sistema de critica.csproj", "{9C4540E3-EF85-4C07-B144-C3A15A351210}"
EndProject
Global
	GlobalSection(SolutionConfigurationPlatforms) = preSolution
		Debug|Any CPU = Debug|Any CPU
		Release|Any CPU = Release|Any CPU
	EndGlobalSection
	GlobalSection(ProjectConfigurationPlatforms) = postSolution
		{9C4540E3-EF85-4C07-B144-C3A15A351210}.Debug|Any CPU.ActiveCfg = Debug|Any CPU
		{9C4540E3-EF85-4C07-B144-C3A15A351210}.Debug|Any CPU.Build.0 = Debug|Any CPU
		{9C4540E3-EF85-4C07-B144-C3A15A351210}.Release|Any CPU.ActiveCfg = Release|Any CPU
		{9C4540E3-EF85-4C07-B144-C3A15A351210}.Release|Any CPU.Build.0 = Release|Any CPU
	EndGlobalSection
	GlobalSection(SolutionProperties) = preSolution
		HideSolutionNode = FALSE
	EndGlobalSection
	GlobalSection(ExtensibilityGlobals) = postSolution
		SolutionGuid = {E210CDE2-D44A-44CC-943E-32861A1D8171}
	EndGlobalSection
EndGlobal
